
Microsoft Visual Studio Solution File, Format Version 12.00
# Visual Studio Version 16
VisualStudioVersion = 16.0.31005.135
MinimumVisualStudioVersion = 10.0.40219.1
Project("{FAE04EC0-301F-11D3-BF4B-00C04F79EFBC}") = "Roll_dice_2.0", "Roll_dice_2.0\Roll_dice_2.0.csproj", "{531DF3FF-081A-477B-8947-DF485DDF3886}"
EndProject
Global
	GlobalSection(SolutionConfigurationPlatforms) = preSolution
		Debug|Any CPU = Debug|Any CPU
		Release|Any CPU = Release|Any CPU
	EndGlobalSection
	GlobalSection(ProjectConfigurationPlatforms) = postSolution
		{531DF3FF-081A-477B-8947-DF485DDF3886}.Debug|Any CPU.ActiveCfg = Debug|Any CPU
		{531DF3FF-081A-477B-8947-DF485DDF3886}.Debug|Any CPU.Build.0 = Debug|Any CPU
		{531DF3FF-081A-477B-8947-DF485DDF3886}.Release|Any CPU.ActiveCfg = Release|Any CPU
		{531DF3FF-081A-477B-8947-DF485DDF3886}.Release|Any CPU.Build.0 = Release|Any CPU
	EndGlobalSection
	GlobalSection(SolutionProperties) = preSolution
		HideSolutionNode = FALSE
	EndGlobalSection
	GlobalSection(ExtensibilityGlobals) = postSolution
		SolutionGuid = {E85126DC-839A-446B-AC90-2946123F241A}
	EndGlobalSection
EndGlobal
